
Microsoft Visual Studio Solution File, Format Version 12.00
# Visual Studio Version 17
VisualStudioVersion = 17.1.32421.90
MinimumVisualStudioVersion = 10.0.40219.1
Project("{FAE04EC0-301F-11D3-BF4B-00C04F79EFBC}") = "eTickets", "eTickets\eTickets.csproj", "{2B56279F-74B3-4EE8-97E9-312018983BFE}"
EndProject
Global
	GlobalSection(SolutionConfigurationPlatforms) = preSolution
		Debug|Any CPU = Debug|Any CPU
		Release|Any CPU = Release|Any CPU
	EndGlobalSection
	GlobalSection(ProjectConfigurationPlatforms) = postSolution
		{2B56279F-74B3-4EE8-97E9-312018983BFE}.Debug|Any CPU.ActiveCfg = Debug|Any CPU
		{2B56279F-74B3-4EE8-97E9-312018983BFE}.Debug|Any CPU.Build.0 = Debug|Any CPU
		{2B56279F-74B3-4EE8-97E9-312018983BFE}.Release|Any CPU.ActiveCfg = Release|Any CPU
		{2B56279F-74B3-4EE8-97E9-312018983BFE}.Release|Any CPU.Build.0 = Release|Any CPU
	EndGlobalSection
	GlobalSection(SolutionProperties) = preSolution
		HideSolutionNode = FALSE
	EndGlobalSection
	GlobalSection(ExtensibilityGlobals) = postSolution
		SolutionGuid = {A0DE8D63-44F7-4A88-A5F8-F70B142D8AEB}
	EndGlobalSection
EndGlobal
